// !$*UTF8*$!
{
	archiveVersion = 1;
	classes = {
	};
	objectVersion = 56;
	objects = {

/* Begin PBXBuildFile section */
		091273E7295239AB006D09D8 /* ViewController.swift in Sources */ = {isa = PBXBuildFile; fileRef = 091273E6295239AB006D09D8 /* ViewController.swift */; };
		0997077A2950B9D9007FAEEC /* DetailView.swift in Sources */ = {isa = PBXBuildFile; fileRef = 099707792950B9D9007FAEEC /* DetailView.swift */; };
		09AE4BDA294FC43600911F5C /* ContactApp.swift in Sources */ = {isa = PBXBuildFile; fileRef = 09AE4BD9294FC43600911F5C /* ContactApp.swift */; };
		09AE4BDC294FC43600911F5C /* ContentView.swift in Sources */ = {isa = PBXBuildFile; fileRef = 09AE4BDB294FC43600911F5C /* ContentView.swift */; };
		09AE4BDE294FC43C00911F5C /* Assets.xcassets in Resources */ = {isa = PBXBuildFile; fileRef = 09AE4BDD294FC43C00911F5C /* Assets.xcassets */; };
		09AE4BE1294FC43C00911F5C /* Preview Assets.xcassets in Resources */ = {isa = PBXBuildFile; fileRef = 09AE4BE0294FC43C00911F5C /* Preview Assets.xcassets */; };
		09AE4BE8294FC46F00911F5C /* contacts.json in Resources */ = {isa = PBXBuildFile; fileRef = 09AE4BE7294FC46F00911F5C /* contacts.json */; };
		09AE4BEC294FC58A00911F5C /* Contact.swift in Sources */ = {isa = PBXBuildFile; fileRef = 09AE4BEB294FC58A00911F5C /* Contact.swift */; };
		09AE4BEE294FC63B00911F5C /* JSONParser.swift in Sources */ = {isa = PBXBuildFile; fileRef = 09AE4BED294FC63B00911F5C /* JSONParser.swift */; };
		09AE4BF0294FC77700911F5C /* ContactRow.swift in Sources */ = {isa = PBXBuildFile; fileRef = 09AE4BEF294FC77700911F5C /* ContactRow.swift */; };
		09AE4BF2294FCB4000911F5C /* ContactList.swift in Sources */ = {isa = PBXBuildFile; fileRef = 09AE4BF1294FCB4000911F5C /* ContactList.swift */; };
/* End PBXBuildFile section */

/* Begin PBXFileReference section */
		091273E6295239AB006D09D8 /* ViewController.swift */ = {isa = PBXFileReference; lastKnownFileType = sourcecode.swift; path = ViewController.swift; sourceTree = "<group>"; };
		099707792950B9D9007FAEEC /* DetailView.swift */ = {isa = PBXFileReference; lastKnownFileType = sourcecode.swift; path = DetailView.swift; sourceTree = "<group>"; };
		09AE4BD6294FC43600911F5C /* Contact.app */ = {isa = PBXFileReference; explicitFileType = wrapper.application; includeInIndex = 0; path = Contact.app; sourceTree = BUILT_PRODUCTS_DIR; };
		09AE4BD9294FC43600911F5C /* ContactApp.swift */ = {isa = PBXFileReference; lastKnownFileType = sourcecode.swift; path = ContactApp.swift; sourceTree = "<group>"; };
		09AE4BDB294FC43600911F5C /* ContentView.swift */ = {isa = PBXFileReference; lastKnownFileType = sourcecode.swift; path = ContentView.swift; sourceTree = "<group>"; };
		09AE4BDD294FC43C00911F5C /* Assets.xcassets */ = {isa = PBXFileReference; lastKnownFileType = folder.assetcatalog; path = Assets.xcassets; sourceTree = "<group>"; };
		09AE4BE0294FC43C00911F5C /* Preview Assets.xcassets */ = {isa = PBXFileReference; lastKnownFileType = folder.assetcatalog; path = "Preview Assets.xcassets"; sourceTree = "<group>"; };
		09AE4BE7294FC46F00911F5C /* contacts.json */ = {isa = PBXFileReference; fileEncoding = 4; lastKnownFileType = text.json; name = contacts.json; path = ../../../../Downloads/contacts.json; sourceTree = "<group>"; };
		09AE4BEB294FC58A00911F5C /* Contact.swift */ = {isa = PBXFileReference; lastKnownFileType = sourcecode.swift; path = Contact.swift; sourceTree = "<group>"; };
		09AE4BED294FC63B00911F5C /* JSONParser.swift */ = {isa = PBXFileReference; lastKnownFileType = sourcecode.swift; path = JSONParser.swift; sourceTree = "<group>"; };
		09AE4BEF294FC77700911F5C /* ContactRow.swift */ = {isa = PBXFileReference; lastKnownFileType = sourcecode.swift; path = ContactRow.swift; sourceTree = "<group>"; };
		09AE4BF1294FCB4000911F5C /* ContactList.swift */ = {isa = PBXFileReference; lastKnownFileType = sourcecode.swift; path = ContactList.swift; sourceTree = "<group>"; };
/* End PBXFileReference section */

/* Begin PBXFrameworksBuildPhase section */
		09AE4BD3294FC43600911F5C /* Frameworks */ = {
			isa = PBXFrameworksBuildPhase;
			buildActionMask = 2147483647;
			files = (
			);
			runOnlyForDeploymentPostprocessing = 0;
		};
/* End PBXFrameworksBuildPhase section */

/* Begin PBXGroup section */
		09AE4BCD294FC43600911F5C = {
			isa = PBXGroup;
			children = (
				09AE4BD8294FC43600911F5C /* Contact */,
				09AE4BD7294FC43600911F5C /* Products */,
			);
			sourceTree = "<group>";
		};
		09AE4BD7294FC43600911F5C /* Products */ = {
			isa = PBXGroup;
			children = (
				09AE4BD6294FC43600911F5C /* Contact.app */,
			);
			name = Products;
			sourceTree = "<group>";
		};
		09AE4BD8294FC43600911F5C /* Contact */ = {
			isa = PBXGroup;
			children = (
				09AE4BE7294FC46F00911F5C /* contacts.json */,
				09AE4BD9294FC43600911F5C /* ContactApp.swift */,
				09AE4BDB294FC43600911F5C /* ContentView.swift */,
				099707792950B9D9007FAEEC /* DetailView.swift */,
				09AE4BEB294FC58A00911F5C /* Contact.swift */,
				09AE4BED294FC63B00911F5C /* JSONParser.swift */,
				09AE4BEF294FC77700911F5C /* ContactRow.swift */,
				09AE4BF1294FCB4000911F5C /* ContactList.swift */,
				091273E6295239AB006D09D8 /* ViewController.swift */,
				09AE4BDD294FC43C00911F5C /* Assets.xcassets */,
				09AE4BDF294FC43C00911F5C /* Preview Content */,
			);
			path = Contact;
			sourceTree = "<group>";
		};
		09AE4BDF294FC43C00911F5C /* Preview Content */ = {
			isa = PBXGroup;
			children = (
				09AE4BE0294FC43C00911F5C /* Preview Assets.xcassets */,
			);
			path = "Preview Content";
			sourceTree = "<group>";
		};
/* End PBXGroup section */

/* Begin PBXNativeTarget section */
		09AE4BD5294FC43600911F5C /* Contact */ = {
			isa = PBXNativeTarget;
			buildConfigurationList = 09AE4BE4294FC43C00911F5C /* Build configuration list for PBXNativeTarget "Contact" */;
			buildPhases = (
				09AE4BD2294FC43600911F5C /* Sources */,
				09AE4BD3294FC43600911F5C /* Frameworks */,
				09AE4BD4294FC43600911F5C /* Resources */,
			);
			buildRules = (
			);
			dependencies = (
			);
			name = Contact;
			productName = Contact;
			productReference = 09AE4BD6294FC43600911F5C /* Contact.app */;
			productType = "com.apple.product-type.application";
		};
/* End PBXNativeTarget section */

/* Begin PBXProject section */
		09AE4BCE294FC43600911F5C /* Project object */ = {
			isa = PBXProject;
			attributes = {
				BuildIndependentTargetsInParallel = 1;
				LastSwiftUpdateCheck = 1410;
				LastUpgradeCheck = 1410;
				TargetAttributes = {
					09AE4BD5294FC43600911F5C = {
						CreatedOnToolsVersion = 14.1;
					};
				};
			};
			buildConfigurationList = 09AE4BD1294FC43600911F5C /* Build configuration list for PBXProject "Contact" */;
			compatibilityVersion = "Xcode 14.0";
			developmentRegion = en;
			hasScannedForEncodings = 0;
			knownRegions = (
				en,
				Base,
			);
			mainGroup = 09AE4BCD294FC43600911F5C;
			productRefGroup = 09AE4BD7294FC43600911F5C /* Products */;
			projectDirPath = "";
			projectRoot = "";
			targets = (
				09AE4BD5294FC43600911F5C /* Contact */,
			);
		};
/* End PBXProject section */

/* Begin PBXResourcesBuildPhase section */
		09AE4BD4294FC43600911F5C /* Resources */ = {
			isa = PBXResourcesBuildPhase;
			buildActionMask = 2147483647;
			files = (
				09AE4BE1294FC43C00911F5C /* Preview Assets.xcassets in Resources */,
				09AE4BE8294FC46F00911F5C /* contacts.json in Resources */,
				09AE4BDE294FC43C00911F5C /* Assets.xcassets in Resources */,
			);
			runOnlyForDeploymentPostprocessing = 0;
		};
/* End PBXResourcesBuildPhase section */

/* Begin PBXSourcesBuildPhase section */
		09AE4BD2294FC43600911F5C /* Sources */ = {
			isa = PBXSourcesBuildPhase;
			buildActionMask = 2147483647;
			files = (
				09AE4BF2294FCB4000911F5C /* ContactList.swift in Sources */,
				09AE4BEC294FC58A00911F5C /* Contact.swift in Sources */,
				09AE4BF0294FC77700911F5C /* ContactRow.swift in Sources */,
				0997077A2950B9D9007FAEEC /* DetailView.swift in Sources */,
				09AE4BDC294FC43600911F5C /* ContentView.swift in Sources */,
				09AE4BEE294FC63B00911F5C /* JSONParser.swift in Sources */,
				091273E7295239AB006D09D8 /* ViewController.swift in Sources */,
				09AE4BDA294FC43600911F5C /* ContactApp.swift in Sources */,
			);
			runOnlyForDeploymentPostprocessing = 0;
		};
/* End PBXSourcesBuildPhase section */

/* Begin XCBuildConfiguration section */
		09AE4BE2294FC43C00911F5C /* Debug */ = {
			isa = XCBuildConfiguration;
			buildSettings = {
				ALWAYS_SEARCH_USER_PATHS = NO;
				CLANG_ANALYZER_NONNULL = YES;
				CLANG_ANALYZER_NUMBER_OBJECT_CONVERSION = YES_AGGRESSIVE;
				CLANG_CXX_LANGUAGE_STANDARD = "gnu++20";
				CLANG_ENABLE_MODULES = YES;
				CLANG_ENABLE_OBJC_ARC = YES;
				CLANG_ENABLE_OBJC_WEAK = YES;
				CLANG_WARN_BLOCK_CAPTURE_AUTORELEASING = YES;
				CLANG_WARN_BOOL_CONVERSION = YES;
				CLANG_WARN_COMMA = YES;
				CLANG_WARN_CONSTANT_CONVERSION = YES;
				CLANG_WARN_DEPRECATED_OBJC_IMPLEMENTATIONS = YES;
				CLANG_WARN_DIRECT_OBJC_ISA_USAGE = YES_ERROR;
				CLANG_WARN_DOCUMENTATION_COMMENTS = YES;
				CLANG_WARN_EMPTY_BODY = YES;
				CLANG_WARN_ENUM_CONVERSION = YES;
				CLANG_WARN_INFINITE_RECURSION = YES;
				CLANG_WARN_INT_CONVERSION = YES;
				CLANG_WARN_NON_LITERAL_NULL_CONVERSION = YES;
				CLANG_WARN_OBJC_IMPLICIT_RETAIN_SELF = YES;
				CLANG_WARN_OBJC_LITERAL_CONVERSION = YES;
				CLANG_WARN_OBJC_ROOT_CLASS = YES_ERROR;
				CLANG_WARN_QUOTED_INCLUDE_IN_FRAMEWORK_HEADER = YES;
				CLANG_WARN_RANGE_LOOP_ANALYSIS = YES;
				CLANG_WARN_STRICT_PROTOTYPES = YES;
				CLANG_WARN_SUSPICIOUS_MOVE = YES;
				CLANG_WARN_UNGUARDED_AVAILABILITY = YES_AGGRESSIVE;
				CLANG_WARN_UNREACHABLE_CODE = YES;
				CLANG_WARN__DUPLICATE_METHOD_MATCH = YES;
				COPY_PHASE_STRIP = NO;
				DEBUG_INFORMATION_FORMAT = dwarf;
				ENABLE_STRICT_OBJC_MSGSEND = YES;
				ENABLE_TESTABILITY = YES;
				GCC_C_LANGUAGE_STANDARD = gnu11;
				GCC_DYNAMIC_NO_PIC = NO;
				GCC_NO_COMMON_BLOCKS = YES;
				GCC_OPTIMIZATION_LEVEL = 0;
				GCC_PREPROCESSOR_DEFINITIONS = (
					"DEBUG=1",
					"$(inherited)",
				);
				GCC_WARN_64_TO_32_BIT_CONVERSION = YES;
				GCC_WARN_ABOUT_RETURN_TYPE = YES_ERROR;
				GCC_WARN_UNDECLARED_SELECTOR = YES;
				GCC_WARN_UNINITIALIZED_AUTOS = YES_AGGRESSIVE;
				GCC_WARN_UNUSED_FUNCTION = YES;
				GCC_WARN_UNUSED_VARIABLE = YES;
				IPHONEOS_DEPLOYMENT_TARGET = 16.1;
				MTL_ENABLE_DEBUG_INFO = INCLUDE_SOURCE;
				MTL_FAST_MATH = YES;
				ONLY_ACTIVE_ARCH = YES;
				SDKROOT = iphoneos;
				SWIFT_ACTIVE_COMPILATION_CONDITIONS = DEBUG;
				SWIFT_OPTIMIZATION_LEVEL = "-Onone";
			};
			name = Debug;
		};
		09AE4BE3294FC43C00911F5C /* Release */ = {
			isa = XCBuildConfiguration;
			buildSettings = {
				ALWAYS_SEARCH_USER_PATHS = NO;
				CLANG_ANALYZER_NONNULL = YES;
				CLANG_ANALYZER_NUMBER_OBJECT_CONVERSION = YES_AGGRESSIVE;
				CLANG_CXX_LANGUAGE_STANDARD = "gnu++20";
				CLANG_ENABLE_MODULES = YES;
				CLANG_ENABLE_OBJC_ARC = YES;
				CLANG_ENABLE_OBJC_WEAK = YES;
				CLANG_WARN_BLOCK_CAPTURE_AUTORELEASING = YES;
				CLANG_WARN_BOOL_CONVERSION = YES;
				CLANG_WARN_COMMA = YES;
				CLANG_WARN_CONSTANT_CONVERSION = YES;
				CLANG_WARN_DEPRECATED_OBJC_IMPLEMENTATIONS = YES;
				CLANG_WARN_DIRECT_OBJC_ISA_USAGE = YES_ERROR;
				CLANG_WARN_DOCUMENTATION_COMMENTS = YES;
				CLANG_WARN_EMPTY_BODY = YES;
				CLANG_WARN_ENUM_CONVERSION = YES;
				CLANG_WARN_INFINITE_RECURSION = YES;
				CLANG_WARN_INT_CONVERSION = YES;
				CLANG_WARN_NON_LITERAL_NULL_CONVERSION = YES;
				CLANG_WARN_OBJC_IMPLICIT_RETAIN_SELF = YES;
				CLANG_WARN_OBJC_LITERAL_CONVERSION = YES;
				CLANG_WARN_OBJC_ROOT_CLASS = YES_ERROR;
				CLANG_WARN_QUOTED_INCLUDE_IN_FRAMEWORK_HEADER = YES;
				CLANG_WARN_RANGE_LOOP_ANALYSIS = YES;
				CLANG_WARN_STRICT_PROTOTYPES = YES;
				CLANG_WARN_SUSPICIOUS_MOVE = YES;
				CLANG_WARN_UNGUARDED_AVAILABILITY = YES_AGGRESSIVE;
				CLANG_WARN_UNREACHABLE_CODE = YES;
				CLANG_WARN__DUPLICATE_METHOD_MATCH = YES;
				COPY_PHASE_STRIP = NO;
				DEBUG_INFORMATION_FORMAT = "dwarf-with-dsym";
				ENABLE_NS_ASSERTIONS = NO;
				ENABLE_STRICT_OBJC_MSGSEND = YES;
				GCC_C_LANGUAGE_STANDARD = gnu11;
				GCC_NO_COMMON_BLOCKS = YES;
				GCC_WARN_64_TO_32_BIT_CONVERSION = YES;
				GCC_WARN_ABOUT_RETURN_TYPE = YES_ERROR;
				GCC_WARN_UNDECLARED_SELECTOR = YES;
				GCC_WARN_UNINITIALIZED_AUTOS = YES_AGGRESSIVE;
				GCC_WARN_UNUSED_FUNCTION = YES;
				GCC_WARN_UNUSED_VARIABLE = YES;
				IPHONEOS_DEPLOYMENT_TARGET = 16.1;
				MTL_ENABLE_DEBUG_INFO = NO;
				MTL_FAST_MATH = YES;
				SDKROOT = iphoneos;
				SWIFT_COMPILATION_MODE = wholemodule;
				SWIFT_OPTIMIZATION_LEVEL = "-O";
				VALIDATE_PRODUCT = YES;
			};
			name = Release;
		};
		09AE4BE5294FC43C00911F5C /* Debug */ = {
			isa = XCBuildConfiguration;
			buildSettings = {
				ASSETCATALOG_COMPILER_APPICON_NAME = AppIcon;
				ASSETCATALOG_COMPILER_GLOBAL_ACCENT_COLOR_NAME = AccentColor;
				CODE_SIGN_STYLE = Automatic;
				CURRENT_PROJECT_VERSION = 1;
				DEVELOPMENT_ASSET_PATHS = "\"Contact/Preview Content\"";
				ENABLE_PREVIEWS = YES;
				GENERATE_INFOPLIST_FILE = YES;
				INFOPLIST_KEY_UIApplicationSceneManifest_Generation = YES;
				INFOPLIST_KEY_UIApplicationSupportsIndirectInputEvents = YES;
				INFOPLIST_KEY_UILaunchScreen_Generation = YES;
				INFOPLIST_KEY_UISupportedInterfaceOrientations_iPad = "UIInterfaceOrientationPortrait UIInterfaceOrientationPortraitUpsideDown UIInterfaceOrientationLandscapeLeft UIInterfaceOrientationLandscapeRight";
				INFOPLIST_KEY_UISupportedInterfaceOrientations_iPhone = "UIInterfaceOrientationPortrait UIInterfaceOrientationLandscapeLeft UIInterfaceOrientationLandscapeRight";
				LD_RUNPATH_SEARCH_PATHS = (
					"$(inherited)",
					"@executable_path/Frameworks",
				);
				MARKETING_VERSION = 1.0;
				PRODUCT_BUNDLE_IDENTIFIER = me.Contacts.Contact;
				PRODUCT_NAME = "$(TARGET_NAME)";
				SWIFT_EMIT_LOC_STRINGS = YES;
				SWIFT_VERSION = 5.0;
				TARGETED_DEVICE_FAMILY = "1,2";
			};
			name = Debug;
		};
		09AE4BE6294FC43C00911F5C /* Release */ = {
			isa = XCBuildConfiguration;
			buildSettings = {
				ASSETCATALOG_COMPILER_APPICON_NAME = AppIcon;
				ASSETCATALOG_COMPILER_GLOBAL_ACCENT_COLOR_NAME = AccentColor;
				CODE_SIGN_STYLE = Automatic;
				CURRENT_PROJECT_VERSION = 1;
				DEVELOPMENT_ASSET_PATHS = "\"Contact/Preview Content\"";
				ENABLE_PREVIEWS = YES;
				GENERATE_INFOPLIST_FILE = YES;
				INFOPLIST_KEY_UIApplicationSceneManifest_Generation = YES;
				INFOPLIST_KEY_UIApplicationSupportsIndirectInputEvents = YES;
				INFOPLIST_KEY_UILaunchScreen_Generation = YES;
				INFOPLIST_KEY_UISupportedInterfaceOrientations_iPad = "UIInterfaceOrientationPortrait UIInterfaceOrientationPortraitUpsideDown UIInterfaceOrientationLandscapeLeft UIInterfaceOrientationLandscapeRight";
				INFOPLIST_KEY_UISupportedInterfaceOrientations_iPhone = "UIInterfaceOrientationPortrait UIInterfaceOrientationLandscapeLeft UIInterfaceOrientationLandscapeRight";
				LD_RUNPATH_SEARCH_PATHS = (
					"$(inherited)",
					"@executable_path/Frameworks",
				);
				MARKETING_VERSION = 1.0;
				PRODUCT_BUNDLE_IDENTIFIER = me.Contacts.Contact;
				PRODUCT_NAME = "$(TARGET_NAME)";
				SWIFT_EMIT_LOC_STRINGS = YES;
				SWIFT_VERSION = 5.0;
				TARGETED_DEVICE_FAMILY = "1,2";
			};
			name = Release;
		};
/* End XCBuildConfiguration section */

/* Begin XCConfigurationList section */
		09AE4BD1294FC43600911F5C /* Build configuration list for PBXProject "Contact" */ = {
			isa = XCConfigurationList;
			buildConfigurations = (
				09AE4BE2294FC43C00911F5C /* Debug */,
				09AE4BE3294FC43C00911F5C /* Release */,
			);
			defaultConfigurationIsVisible = 0;
			defaultConfigurationName = Release;
		};
		09AE4BE4294FC43C00911F5C /* Build configuration list for PBXNativeTarget "Contact" */ = {
			isa = XCConfigurationList;
			buildConfigurations = (
				09AE4BE5294FC43C00911F5C /* Debug */,
				09AE4BE6294FC43C00911F5C /* Release */,
			);
			defaultConfigurationIsVisible = 0;
			defaultConfigurationName = Release;
		};
/* End XCConfigurationList section */
	};
	rootObject = 09AE4BCE294FC43600911F5C /* Project object */;
}
